
Microsoft Visual Studio Solution File, Format Version 10.00
# Visual Studio 2008
Project("{FAE04EC0-301F-11D3-BF4B-00C04F79EFBC}") = "InterrogatorLib.IntegrationTest", "InterrogatorLib.IntegrationTest\InterrogatorLib.IntegrationTest.csproj", "{4ED348B5-1CC7-401E-A749-9F3BD5608C83}"
EndProject
Global
	GlobalSection(SolutionConfigurationPlatforms) = preSolution
		Debug|Any CPU = Debug|Any CPU
		Release|Any CPU = Release|Any CPU
	EndGlobalSection
	GlobalSection(ProjectConfigurationPlatforms) = postSolution
		{4ED348B5-1CC7-401E-A749-9F3BD5608C83}.Debug|Any CPU.ActiveCfg = Debug|Any CPU
		{4ED348B5-1CC7-401E-A749-9F3BD5608C83}.Debug|Any CPU.Build.0 = Debug|Any CPU
		{4ED348B5-1CC7-401E-A749-9F3BD5608C83}.Debug|Any CPU.Deploy.0 = Debug|Any CPU
		{4ED348B5-1CC7-401E-A749-9F3BD5608C83}.Release|Any CPU.ActiveCfg = Release|Any CPU
		{4ED348B5-1CC7-401E-A749-9F3BD5608C83}.Release|Any CPU.Build.0 = Release|Any CPU
		{4ED348B5-1CC7-401E-A749-9F3BD5608C83}.Release|Any CPU.Deploy.0 = Release|Any CPU
	EndGlobalSection
	GlobalSection(SolutionProperties) = preSolution
		HideSolutionNode = FALSE
	EndGlobalSection
EndGlobal
