
Microsoft Visual Studio Solution File, Format Version 12.00
# Visual Studio 15
VisualStudioVersion = 15.0.26430.13
MinimumVisualStudioVersion = 10.0.40219.1
Project("{9A19103F-16F7-4668-BE54-9A1E7A4F7556}") = "InterrogatorLib.NETStandard", "InterrogatorLib\InterrogatorLib.NETStandard.csproj", "{37E93705-84D5-4AF5-9933-B58ED3BFAF9F}"
EndProject
Project("{2150E333-8FDC-42A3-9474-1A3956D46DE8}") = "Drivers", "Drivers", "{DB0A7E08-DFA4-44C2-B79F-2EC0EF797543}"
EndProject
Project("{9A19103F-16F7-4668-BE54-9A1E7A4F7556}") = "InterrogatorLib.Evo", "InterrogatorLib.Evo\InterrogatorLib.Evo.csproj", "{46CBB52C-6A3B-4F64-8769-3B3350716696}"
EndProject
Project("{9A19103F-16F7-4668-BE54-9A1E7A4F7556}") = "InterrogatorLib.M3Orange", "InterrogatorLib.M3Orange\InterrogatorLib.M3Orange.csproj", "{58565F7C-36D8-4D47-8563-3AA2F0338A6C}"
EndProject
Project("{9A19103F-16F7-4668-BE54-9A1E7A4F7556}") = "InterrogatorLib.M3OrangeUHFGun", "InterrogatorLib.M3OrangeUHFGun\InterrogatorLib.M3OrangeUHFGun.csproj", "{B75434D5-D142-4809-81E6-E97B4B60156F}"
EndProject
Project("{9A19103F-16F7-4668-BE54-9A1E7A4F7556}") = "InterrogatorLib.UnitTest", "InterrogatorLib.UnitTest\InterrogatorLib.UnitTest.csproj", "{E272C94F-E150-413E-97A1-ADF18E0DFCFF}"
EndProject
Global
	GlobalSection(SolutionConfigurationPlatforms) = preSolution
		Debug|Any CPU = Debug|Any CPU
		Release|Any CPU = Release|Any CPU
	EndGlobalSection
	GlobalSection(ProjectConfigurationPlatforms) = postSolution
		{37E93705-84D5-4AF5-9933-B58ED3BFAF9F}.Debug|Any CPU.ActiveCfg = Debug|Any CPU
		{37E93705-84D5-4AF5-9933-B58ED3BFAF9F}.Debug|Any CPU.Build.0 = Debug|Any CPU
		{37E93705-84D5-4AF5-9933-B58ED3BFAF9F}.Release|Any CPU.ActiveCfg = Release|Any CPU
		{37E93705-84D5-4AF5-9933-B58ED3BFAF9F}.Release|Any CPU.Build.0 = Release|Any CPU
		{46CBB52C-6A3B-4F64-8769-3B3350716696}.Debug|Any CPU.ActiveCfg = Debug|Any CPU
		{46CBB52C-6A3B-4F64-8769-3B3350716696}.Debug|Any CPU.Build.0 = Debug|Any CPU
		{46CBB52C-6A3B-4F64-8769-3B3350716696}.Release|Any CPU.ActiveCfg = Release|Any CPU
		{46CBB52C-6A3B-4F64-8769-3B3350716696}.Release|Any CPU.Build.0 = Release|Any CPU
		{58565F7C-36D8-4D47-8563-3AA2F0338A6C}.Debug|Any CPU.ActiveCfg = Debug|Any CPU
		{58565F7C-36D8-4D47-8563-3AA2F0338A6C}.Debug|Any CPU.Build.0 = Debug|Any CPU
		{58565F7C-36D8-4D47-8563-3AA2F0338A6C}.Release|Any CPU.ActiveCfg = Release|Any CPU
		{58565F7C-36D8-4D47-8563-3AA2F0338A6C}.Release|Any CPU.Build.0 = Release|Any CPU
		{B75434D5-D142-4809-81E6-E97B4B60156F}.Debug|Any CPU.ActiveCfg = Debug|Any CPU
		{B75434D5-D142-4809-81E6-E97B4B60156F}.Debug|Any CPU.Build.0 = Debug|Any CPU
		{B75434D5-D142-4809-81E6-E97B4B60156F}.Release|Any CPU.ActiveCfg = Release|Any CPU
		{B75434D5-D142-4809-81E6-E97B4B60156F}.Release|Any CPU.Build.0 = Release|Any CPU
		{E272C94F-E150-413E-97A1-ADF18E0DFCFF}.Debug|Any CPU.ActiveCfg = Debug|Any CPU
		{E272C94F-E150-413E-97A1-ADF18E0DFCFF}.Debug|Any CPU.Build.0 = Debug|Any CPU
		{E272C94F-E150-413E-97A1-ADF18E0DFCFF}.Release|Any CPU.ActiveCfg = Release|Any CPU
		{E272C94F-E150-413E-97A1-ADF18E0DFCFF}.Release|Any CPU.Build.0 = Release|Any CPU
	EndGlobalSection
	GlobalSection(SolutionProperties) = preSolution
		HideSolutionNode = FALSE
	EndGlobalSection
	GlobalSection(NestedProjects) = preSolution
		{46CBB52C-6A3B-4F64-8769-3B3350716696} = {DB0A7E08-DFA4-44C2-B79F-2EC0EF797543}
		{58565F7C-36D8-4D47-8563-3AA2F0338A6C} = {DB0A7E08-DFA4-44C2-B79F-2EC0EF797543}
		{B75434D5-D142-4809-81E6-E97B4B60156F} = {DB0A7E08-DFA4-44C2-B79F-2EC0EF797543}
	EndGlobalSection
EndGlobal
